{
  "name": "wplab",
  "version": "1.0.0",
  "lockfileVersion": 3,
  "requires": true,
  "packages": {
    "": {
      "name": "wplab",
      "version": "1.0.0",
      "license": "ISC",
      "dependencies": {
        "@php-wasm/node": "^3.1.51"
      }
    },
    "node_modules/@nodable/entities": {
      "version": "3.0.0",
      "resolved": "https://registry.npmjs.org/@nodable/entities/-/entities-3.0.0.tgz",
      "integrity": "sha512-8L9xFeTYKhm49xfIypoe2W5wV1m/3Z58kT+7kR9A8OyFxcPduI4VmxaUMQyKYrRjUoLLSXv6EKKID5Tvj9cUVw==",
      "funding": [
        {
          "type": "github",
          "url": "https://github.com/sponsors/nodable"
        }
      ],
      "license": "MIT"
    },
    "node_modules/@php-wasm/cli-util": {
      "version": "3.1.51",
      "resolved": "https://registry.npmjs.org/@php-wasm/cli-util/-/cli-util-3.1.51.tgz",
      "integrity": "sha512-l4hUBlYq+H3IiT+TAh67TOSr2sT6DA3qa8vYvrUYuB7ohvxheQSnl+kbyJLRpa8Dk8axR7kTFDe8rIWbPzkQaw==",
      "license": "GPL-2.0-or-later",
      "dependencies": {
        "@php-wasm/util": "3.1.51",
        "fast-xml-parser": "^5.8.0",
        "jsonc-parser": "3.3.1"
      },
      "engines": {
        "node": ">=20.10.0",
        "npm": ">=10.2.3"
      }
    },
    "node_modules/@php-wasm/logger": {
      "version": "3.1.51",
      "resolved": "https://registry.npmjs.org/@php-wasm/logger/-/logger-3.1.51.tgz",
      "integrity": "sha512-qqj10H2MsFK1LRYl5YpvWTW+RuHS24djGjtlngrbgQRw8kA4LLV971ZX2pbs1I3jdYnwBYaL+4b/GVYYapNYDA==",
      "license": "GPL-2.0-or-later",
      "engines": {
        "node": ">=20.10.0",
        "npm": ">=10.2.3"
      }
    },
    "node_modules/@php-wasm/node": {
      "version": "3.1.51",
      "resolved": "https://registry.npmjs.org/@php-wasm/node/-/node-3.1.51.tgz",
      "integrity": "sha512-B0Uvfqs8PznOPF2l+6e3QsM5hxls0ZhY2c1ZL3Dw1cqaLL06+kYYgqcyh/1hMjSCSM80vSlHAbCXklHCh/hnNg==",
      "license": "GPL-2.0-or-later",
      "dependencies": {
        "@php-wasm/cli-util": "3.1.51",
        "@php-wasm/logger": "3.1.51",
        "@php-wasm/node-5-2": "3.1.51",
        "@php-wasm/node-7-4": "3.1.51",
        "@php-wasm/node-8-0": "3.1.51",
        "@php-wasm/node-8-1": "3.1.51",
        "@php-wasm/node-8-2": "3.1.51",
        "@php-wasm/node-8-3": "3.1.51",
        "@php-wasm/node-8-4": "3.1.51",
        "@php-wasm/node-8-5": "3.1.51",
        "@php-wasm/universal": "3.1.51",
        "@php-wasm/util": "3.1.51",
        "fs-ext-extra-prebuilt": "2.2.7",
        "wasm-feature-detect": "1.8.0",
        "ws": "8.21.0"
      },
      "engines": {
        "node": ">=20.10.0",
        "npm": ">=10.2.3"
      }
    },
    "node_modules/@php-wasm/node-5-2": {
      "version": "3.1.51",
      "resolved": "https://registry.npmjs.org/@php-wasm/node-5-2/-/node-5-2-3.1.51.tgz",
      "integrity": "sha512-Oeb2vUya/cHQrZa6DG0D+9q9ldmtkyzQ441Oz5VA6nKNirYqtBE60EzV8sp69fqoEVGa3DJ5iflzy29urzb4hg==",
      "license": "GPL-2.0-or-later",
      "dependencies": {
        "@php-wasm/universal": "3.1.51",
        "wasm-feature-detect": "1.8.0"
      },
      "engines": {
        "node": ">=20.10.0",
        "npm": ">=10.2.3"
      }
    },
    "node_modules/@php-wasm/node-7-4": {
      "version": "3.1.51",
      "resolved": "https://registry.npmjs.org/@php-wasm/node-7-4/-/node-7-4-3.1.51.tgz",
      "integrity": "sha512-56L9DEd0NK6yOtuaIHTPfAwLyznqUrWWoUCwmekIKAwTQgTQMU9tnHmEi3LBWZk8W08/aSI9L/2M/hi5yI7B9A==",
      "license": "GPL-2.0-or-later",
      "dependencies": {
        "@php-wasm/universal": "3.1.51",
        "wasm-feature-detect": "1.8.0"
      },
      "engines": {
        "node": ">=20.10.0",
        "npm": ">=10.2.3"
      }
    },
    "node_modules/@php-wasm/node-8-0": {
      "version": "3.1.51",
      "resolved": "https://registry.npmjs.org/@php-wasm/node-8-0/-/node-8-0-3.1.51.tgz",
      "integrity": "sha512-e13DVYEOnvx4b/DKr8vXlu4Nm5ivH/5xpj6fz0mIH9Vp8jlbwwVjzVDCU1mVsIfuy3098T9wPbKSlEM7wqmFTw==",
      "license": "GPL-2.0-or-later",
      "dependencies": {
        "@php-wasm/universal": "3.1.51",
        "wasm-feature-detect": "1.8.0"
      },
      "engines": {
        "node": ">=20.10.0",
        "npm": ">=10.2.3"
      }
    },
    "node_modules/@php-wasm/node-8-1": {
      "version": "3.1.51",
      "resolved": "https://registry.npmjs.org/@php-wasm/node-8-1/-/node-8-1-3.1.51.tgz",
      "integrity": "sha512-AkaNBrdXWr5F4P7kQM3lntF4YjUw9G8emc9V9+YeLIuFOJPfd2ChZfQE5usvOxP5vFfMkbjo1kgS6sbvMJnE2g==",
      "license": "GPL-2.0-or-later",
      "dependencies": {
        "@php-wasm/universal": "3.1.51",
        "wasm-feature-detect": "1.8.0"
      },
      "engines": {
        "node": ">=20.10.0",
        "npm": ">=10.2.3"
      }
    },
    "node_modules/@php-wasm/node-8-2": {
      "version": "3.1.51",
      "resolved": "https://registry.npmjs.org/@php-wasm/node-8-2/-/node-8-2-3.1.51.tgz",
      "integrity": "sha512-T6gwWTPWrJkvZ/+rn9HTQ48iAc+t8gpZF9zrRnQ3iBBxvtVIBm5GGeurB5Vs/A397BnpfmhN4IJAfLdCjiOMDA==",
      "license": "GPL-2.0-or-later",
      "dependencies": {
        "@php-wasm/universal": "3.1.51",
        "wasm-feature-detect": "1.8.0"
      },
      "engines": {
        "node": ">=20.10.0",
        "npm": ">=10.2.3"
      }
    },
    "node_modules/@php-wasm/node-8-3": {
      "version": "3.1.51",
      "resolved": "https://registry.npmjs.org/@php-wasm/node-8-3/-/node-8-3-3.1.51.tgz",
      "integrity": "sha512-g3EOY4O4TpCmCYAYV5H7PG2wXeXO/LWjqV7QXd9P949D3jwzAZP/uaNPOjanZ18o7yKvRCfSexoCYs/hL/fNQw==",
      "license": "GPL-2.0-or-later",
      "dependencies": {
        "@php-wasm/universal": "3.1.51",
        "wasm-feature-detect": "1.8.0"
      },
      "engines": {
        "node": ">=20.10.0",
        "npm": ">=10.2.3"
      }
    },
    "node_modules/@php-wasm/node-8-4": {
      "version": "3.1.51",
      "resolved": "https://registry.npmjs.org/@php-wasm/node-8-4/-/node-8-4-3.1.51.tgz",
      "integrity": "sha512-qfoyYk3ixcxsr3hUJMM1sMU5HM2LqR1aUAiiIa0VDF80oZwoqjL465w/NoiNq98/Mf9sEkUqa6RBrBF8LBc5jA==",
      "license": "GPL-2.0-or-later",
      "dependencies": {
        "@php-wasm/universal": "3.1.51",
        "wasm-feature-detect": "1.8.0"
      },
      "engines": {
        "node": ">=20.10.0",
        "npm": ">=10.2.3"
      }
    },
    "node_modules/@php-wasm/node-8-5": {
      "version": "3.1.51",
      "resolved": "https://registry.npmjs.org/@php-wasm/node-8-5/-/node-8-5-3.1.51.tgz",
      "integrity": "sha512-Sc1Gsw3020Fmp84niTN2gi/9vI6upT4zJ3iN6zc3prP2kHoLc7wDRE4N2gfXERPa2xy5t+TA1sPyCMLm8BctnQ==",
      "license": "GPL-2.0-or-later",
      "dependencies": {
        "@php-wasm/universal": "3.1.51",
        "wasm-feature-detect": "1.8.0"
      },
      "engines": {
        "node": ">=20.10.0",
        "npm": ">=10.2.3"
      }
    },
    "node_modules/@php-wasm/progress": {
      "version": "3.1.51",
      "resolved": "https://registry.npmjs.org/@php-wasm/progress/-/progress-3.1.51.tgz",
      "integrity": "sha512-vUIJw2shevB2cOw+3JA8DyLgVY8yvNwYHJGZvprNAsWBhtb4u5NG3ARg09FUXW+/yU+7enptID6wK6APNyRbdQ==",
      "license": "GPL-2.0-or-later",
      "dependencies": {
        "@php-wasm/logger": "3.1.51"
      },
      "engines": {
        "node": ">=20.10.0",
        "npm": ">=10.2.3"
      }
    },
    "node_modules/@php-wasm/stream-compression": {
      "version": "3.1.51",
      "resolved": "https://registry.npmjs.org/@php-wasm/stream-compression/-/stream-compression-3.1.51.tgz",
      "integrity": "sha512-XR4QFG9FzP6Hf3QyGxv1v4hUzXc7L4Bpm4pZXSbvxJKpdZW2BZK/tR2S10rSDelT/Ymb4IEBw7Jr90BKppVTJA==",
      "license": "GPL-2.0-or-later",
      "dependencies": {
        "@php-wasm/util": "3.1.51"
      }
    },
    "node_modules/@php-wasm/universal": {
      "version": "3.1.51",
      "resolved": "https://registry.npmjs.org/@php-wasm/universal/-/universal-3.1.51.tgz",
      "integrity": "sha512-cTZwrRU2B1DeKHahFdxQB4Gy548q1QiiM4Pmy6VjGBWmi0iL2PfqrgyjJr85CcKuAbXAL8vDSZyIg7nHCKeQTg==",
      "license": "GPL-2.0-or-later",
      "dependencies": {
        "@php-wasm/logger": "3.1.51",
        "@php-wasm/progress": "3.1.51",
        "@php-wasm/stream-compression": "3.1.51",
        "@php-wasm/util": "3.1.51",
        "ini": "4.1.2"
      },
      "engines": {
        "node": ">=20.10.0",
        "npm": ">=10.2.3"
      }
    },
    "node_modules/@php-wasm/util": {
      "version": "3.1.51",
      "resolved": "https://registry.npmjs.org/@php-wasm/util/-/util-3.1.51.tgz",
      "integrity": "sha512-RxX/e3p2uZfj0yRX/B9m6BKdJMEbfMtdw4Lcx9+8jkNfOzSZmFfnikx+jZtH5ze/DqQu+L3Wi6Ns7wQZFQEkVw==",
      "engines": {
        "node": ">=20.10.0",
        "npm": ">=10.2.3"
      }
    },
    "node_modules/anynum": {
      "version": "1.0.1",
      "resolved": "https://registry.npmjs.org/anynum/-/anynum-1.0.1.tgz",
      "integrity": "sha512-N6//FLET/tXYNM/F6ABca1oH6fWB+KlTt909Le28WMDBk8oaT4vY17DCrwg2MvmuqUKt3Ni4N5dGJ/EoBgcO6A==",
      "funding": [
        {
          "type": "github",
          "url": "https://github.com/sponsors/NaturalIntelligence"
        }
      ],
      "license": "MIT"
    },
    "node_modules/fast-xml-builder": {
      "version": "1.3.1",
      "resolved": "https://registry.npmjs.org/fast-xml-builder/-/fast-xml-builder-1.3.1.tgz",
      "integrity": "sha512-pIM/1n3ntFXKYrUZwW7QCK0gAW7XY+wzj1YMIV3tLDvPj/V+zTGJK5e3/4WJfwj0qWw2ElNXiTixda/R+3YSug==",
      "funding": [
        {
          "type": "github",
          "url": "https://github.com/sponsors/NaturalIntelligence"
        }
      ],
      "license": "MIT",
      "dependencies": {
        "path-expression-matcher": "^1.6.2",
        "xml-naming": "^0.3.0"
      }
    },
    "node_modules/fast-xml-parser": {
      "version": "5.11.1",
      "resolved": "https://registry.npmjs.org/fast-xml-parser/-/fast-xml-parser-5.11.1.tgz",
      "integrity": "sha512-TBw6K/fxoQGGjCmZDw9w/ZwP3uDcnTM4YH/g+PFRWr8sbe5idXtxNN6vITh4+1ruCZaho6uBFurElsA7F0zzgw==",
      "funding": [
        {
          "type": "github",
          "url": "https://github.com/sponsors/NaturalIntelligence"
        }
      ],
      "license": "MIT",
      "dependencies": {
        "@nodable/entities": "^3.0.0",
        "fast-xml-builder": "^1.2.0",
        "is-unsafe": "^2.0.0",
        "path-expression-matcher": "^1.6.2",
        "strnum": "^2.4.2",
        "xml-naming": "^0.3.0"
      },
      "bin": {
        "fxparser": "src/cli/cli.js"
      }
    },
    "node_modules/fs-ext-extra-prebuilt": {
      "version": "2.2.7",
      "resolved": "https://registry.npmjs.org/fs-ext-extra-prebuilt/-/fs-ext-extra-prebuilt-2.2.7.tgz",
      "integrity": "sha512-Q7rayYRBDIvDF01HWOwSSjoaP+05N1g+o3BXL1Zf8Frw2JkjSmi4EtvCBITuW30l6hB2m2TW1pehdh8wyU/+gw==",
      "hasInstallScript": true,
      "license": "MIT",
      "dependencies": {
        "nan": "^2.24.0"
      },
      "engines": {
        "node": ">= 8.0.0"
      }
    },
    "node_modules/ini": {
      "version": "4.1.2",
      "resolved": "https://registry.npmjs.org/ini/-/ini-4.1.2.tgz",
      "integrity": "sha512-AMB1mvwR1pyBFY/nSevUX6y8nJWS63/SzUKD3JyQn97s4xgIdgQPT75IRouIiBAN4yLQBUShNYVW0+UG25daCw==",
      "license": "ISC",
      "engines": {
        "node": "^14.17.0 || ^16.13.0 || >=18.0.0"
      }
    },
    "node_modules/is-unsafe": {
      "version": "2.0.2",
      "resolved": "https://registry.npmjs.org/is-unsafe/-/is-unsafe-2.0.2.tgz",
      "integrity": "sha512-HgbIHPBH0KHHCcjLfGsCvhtPTVxjaAZlXjwdz7/GQC40SjSe4sfQsar8J5VFo8JOSbarkpV0OLG95bbaNd9aAQ==",
      "funding": [
        {
          "type": "github",
          "url": "https://github.com/sponsors/NaturalIntelligence"
        }
      ],
      "license": "MIT"
    },
    "node_modules/jsonc-parser": {
      "version": "3.3.1",
      "resolved": "https://registry.npmjs.org/jsonc-parser/-/jsonc-parser-3.3.1.tgz",
      "integrity": "sha512-HUgH65KyejrUFPvHFPbqOY0rsFip3Bo5wb4ngvdi1EpCYWUQDC5V+Y7mZws+DLkr4M//zQJoanu1SP+87Dv1oQ==",
      "license": "MIT"
    },
    "node_modules/nan": {
      "version": "2.28.0",
      "resolved": "https://registry.npmjs.org/nan/-/nan-2.28.0.tgz",
      "integrity": "sha512-fTsDz99OTq2sVePhGdp4qQhggZFtKr64ZNVyVajRKtMOkJxYekplBh577PiJB12v/D3s2E5cGtOI45LWp6rnLQ==",
      "license": "MIT"
    },
    "node_modules/path-expression-matcher": {
      "version": "1.6.2",
      "resolved": "https://registry.npmjs.org/path-expression-matcher/-/path-expression-matcher-1.6.2.tgz",
      "integrity": "sha512-enSlaiat05iasnzmgNxRj8reFdj3puY2QpNgP1aPIaVfT6nn9ICuPoFlKHk8EN22HcwewshO+mN2DGbkCEOtqQ==",
      "funding": [
        {
          "type": "github",
          "url": "https://github.com/sponsors/NaturalIntelligence"
        }
      ],
      "license": "MIT",
      "engines": {
        "node": ">=14.0.0"
      }
    },
    "node_modules/strnum": {
      "version": "2.4.2",
      "resolved": "https://registry.npmjs.org/strnum/-/strnum-2.4.2.tgz",
      "integrity": "sha512-rDG3Ah4TV0k1hWvLSzkZtMmLN9+eS+h3knq4MP6A42Y3Yh5qGNnOUs1jJkoSr8FG5dsL28c7KgkIBzSEykqtuw==",
      "funding": [
        {
          "type": "github",
          "url": "https://github.com/sponsors/NaturalIntelligence"
        }
      ],
      "license": "MIT",
      "dependencies": {
        "anynum": "^1.0.1"
      }
    },
    "node_modules/wasm-feature-detect": {
      "version": "1.8.0",
      "resolved": "https://registry.npmjs.org/wasm-feature-detect/-/wasm-feature-detect-1.8.0.tgz",
      "integrity": "sha512-zksaLKM2fVlnB5jQQDqKXXwYHLQUVH9es+5TOOHwGOVJOCeRBCiPjwSg+3tN2AdTCzjgli4jijCH290kXb/zWQ==",
      "license": "Apache-2.0"
    },
    "node_modules/ws": {
      "version": "8.21.0",
      "resolved": "https://registry.npmjs.org/ws/-/ws-8.21.0.tgz",
      "integrity": "sha512-Vsp28b7DRcimFQvrqu2Wek3z1iYxDCWqHYB8Qsnk/S4RfaCQzPGPyBNuVjJV3cd6UiKtUtp6sNM77gWvzcCH+g==",
      "license": "MIT",
      "engines": {
        "node": ">=10.0.0"
      },
      "peerDependencies": {
        "bufferutil": "^4.0.1",
        "utf-8-validate": ">=5.0.2"
      },
      "peerDependenciesMeta": {
        "bufferutil": {
          "optional": true
        },
        "utf-8-validate": {
          "optional": true
        }
      }
    },
    "node_modules/xml-naming": {
      "version": "0.3.0",
      "resolved": "https://registry.npmjs.org/xml-naming/-/xml-naming-0.3.0.tgz",
      "integrity": "sha512-ghig2TBE/H11aOVgmahA3MhimvkBr6JIYknH/Dhdk10nXwdbIqBJsbfMxpvFPG8bAw77gN29aQWvKpmVoPlvPQ==",
      "funding": [
        {
          "type": "github",
          "url": "https://github.com/sponsors/NaturalIntelligence"
        }
      ],
      "license": "MIT",
      "engines": {
        "node": ">=16.0.0"
      }
    }
  }
}
